
Microsoft Visual Studio Solution File, Format Version 12.00
# Visual Studio Version 17
VisualStudioVersion = 17.10.34928.147
MinimumVisualStudioVersion = 10.0.40219.1
Project("{9A19103F-16F7-4668-BE54-9A1E7A4F7556}") = "CIM.Mapper", "src\CIM.Mapper\CIM.Mapper.csproj", "{0411B5B6-2806-4F4E-8B97-0C931BCFB064}"
EndProject
Project("{9A19103F-16F7-4668-BE54-9A1E7A4F7556}") = "CIM.Mapper.Tests", "src\CIM.Mapper.Tests\CIM.Mapper.Tests.csproj", "{65E5D4AB-ACCA-4946-A07E-B5D8DBF8E33C}"
EndProject
Global
	GlobalSection(SolutionConfigurationPlatforms) = preSolution
		Debug|Any CPU = Debug|Any CPU
		Release|Any CPU = Release|Any CPU
	EndGlobalSection
	GlobalSection(ProjectConfigurationPlatforms) = postSolution
		{0411B5B6-2806-4F4E-8B97-0C931BCFB064}.Debug|Any CPU.ActiveCfg = Debug|Any CPU
		{0411B5B6-2806-4F4E-8B97-0C931BCFB064}.Debug|Any CPU.Build.0 = Debug|Any CPU
		{0411B5B6-2806-4F4E-8B97-0C931BCFB064}.Release|Any CPU.ActiveCfg = Release|Any CPU
		{0411B5B6-2806-4F4E-8B97-0C931BCFB064}.Release|Any CPU.Build.0 = Release|Any CPU
		{65E5D4AB-ACCA-4946-A07E-B5D8DBF8E33C}.Debug|Any CPU.ActiveCfg = Debug|Any CPU
		{65E5D4AB-ACCA-4946-A07E-B5D8DBF8E33C}.Debug|Any CPU.Build.0 = Debug|Any CPU
		{65E5D4AB-ACCA-4946-A07E-B5D8DBF8E33C}.Release|Any CPU.ActiveCfg = Release|Any CPU
		{65E5D4AB-ACCA-4946-A07E-B5D8DBF8E33C}.Release|Any CPU.Build.0 = Release|Any CPU
	EndGlobalSection
	GlobalSection(SolutionProperties) = preSolution
		HideSolutionNode = FALSE
	EndGlobalSection
	GlobalSection(ExtensibilityGlobals) = postSolution
		SolutionGuid = {BA0A45C2-9909-41D3-9361-15B163EFB562}
	EndGlobalSection
EndGlobal
