
Microsoft Visual Studio Solution File, Format Version 12.00
# Visual Studio Version 17
VisualStudioVersion = 17.0.31903.59
MinimumVisualStudioVersion = 10.0.40219.1
Project("{2150E333-8FDC-42A3-9474-1A3956D46DE8}") = "src", "src", "{08FEBC24-E58F-4B22-8D17-C6EF1BBC5E44}"
EndProject
Project("{9A19103F-16F7-4668-BE54-9A1E7A4F7556}") = "CIM.Cson", "src\CIM.Cson\CIM.Cson.csproj", "{D6EF4402-F859-40DA-B99D-1EB6C87C059A}"
EndProject
Project("{9A19103F-16F7-4668-BE54-9A1E7A4F7556}") = "CIM.Core", "src\CIM.Core\CIM.Core.csproj", "{625E0E5A-15D3-49E6-AA9A-8132A27E7A19}"
EndProject
Project("{9A19103F-16F7-4668-BE54-9A1E7A4F7556}") = "CIM.Differ", "src\CIM.Differ\CIM.Differ.csproj", "{1475B9F7-381E-4F0B-BABE-FD6BD5B79B9A}"
EndProject
Project("{9A19103F-16F7-4668-BE54-9A1E7A4F7556}") = "CIM.Differ.CLI", "src\CIM.Differ.CLI\CIM.Differ.CLI.csproj", "{C33D5CB1-4D45-4774-A839-5F300D4B82D1}"
EndProject
Project("{9A19103F-16F7-4668-BE54-9A1E7A4F7556}") = "CIM.Mapper", "src\CIM.Mapper\CIM.Mapper.csproj", "{4F9DD8C9-DAC0-42BE-807A-A94A2575BC7D}"
EndProject
Project("{9A19103F-16F7-4668-BE54-9A1E7A4F7556}") = "CIM.Mapper.Tests", "src\CIM.Mapper.Tests\CIM.Mapper.Tests.csproj", "{03388594-2EB9-4BBF-B1E5-5433C48A358E}"
EndProject
Project("{9A19103F-16F7-4668-BE54-9A1E7A4F7556}") = "CIM.Mapper.CLI", "src\CIM.Mapper.CLI\CIM.Mapper.CLI.csproj", "{CD2FB5B0-3833-4966-AF15-8A1864B5A38D}"
EndProject
Project("{9A19103F-16F7-4668-BE54-9A1E7A4F7556}") = "CIM.PostgresImporter.CLI", "src\CIM.PostgresImporter.CLI\CIM.PostgresImporter.CLI.csproj", "{B8B740C2-9003-45F4-BEEE-15DEC26E2743}"
EndProject
Project("{FAE04EC0-301F-11D3-BF4B-00C04F79EFBC}") = "CIM.TopologyProcessor", "src\CIM.TopologyProcessor\CIM.TopologyProcessor.csproj", "{C073A4FD-2856-4420-8F80-6C28D1F8012F}"
EndProject
Project("{FAE04EC0-301F-11D3-BF4B-00C04F79EFBC}") = "CIM.TopologyProcessor.Tests", "src\CIM.TopologyProcessor.Tests\CIM.TopologyProcessor.Tests.csproj", "{295C6359-BF53-499B-B7CF-446A5A4D7F83}"
EndProject
Project("{FAE04EC0-301F-11D3-BF4B-00C04F79EFBC}") = "CIM.TopologyProcessor.CLI", "src\CIM.TopologyProcessor.CLI\CIM.TopologyProcessor.CLI.csproj", "{92AA04F8-6EE2-44FC-AAEB-EBB10C0890F7}"
EndProject
Project("{FAE04EC0-301F-11D3-BF4B-00C04F79EFBC}") = "CIM.Filter.CLI", "src\CIM.Filter.CLI\CIM.Filter.CLI.csproj", "{B6E0807D-D768-4B85-A5C7-487A8AA5DB5C}"
EndProject
Project("{FAE04EC0-301F-11D3-BF4B-00C04F79EFBC}") = "CIM.PowerFactoryExporter", "src\CIM.PowerFactoryExporter\CIM.PowerFactoryExporter.csproj", "{5B255B33-94E3-42FB-9D3F-9A32AEC80CD3}"
EndProject
Project("{FAE04EC0-301F-11D3-BF4B-00C04F79EFBC}") = "CIM.PowerFactoryExporter.Tests", "src\CIM.PowerFactoryExporter.Tests\CIM.PowerFactoryExporter.Tests.csproj", "{A4D3A59B-F779-48C8-93A5-1D6F11DB92B1}"
EndProject
Project("{FAE04EC0-301F-11D3-BF4B-00C04F79EFBC}") = "CIM.PowerFactoryExporter.CLI", "src\CIM.PowerFactoryExporter.CLI\CIM.PowerFactoryExporter.CLI.csproj", "{E768389A-5B3A-475C-A676-2800B84045DB}"
EndProject
Project("{FAE04EC0-301F-11D3-BF4B-00C04F79EFBC}") = "CIM.PreValidator.CLI", "src\CIM.PreValidator.CLI\CIM.PreValidator.CLI.csproj", "{7CC2E6F5-8A84-4C52-8AE7-295EEDFB95F7}"
EndProject
Project("{FAE04EC0-301F-11D3-BF4B-00C04F79EFBC}") = "CIM.Tests", "src\CIM.Tests\CIM.Tests.csproj", "{3B1C4E22-59F8-4225-872D-2DF47101C68F}"
EndProject
Project("{FAE04EC0-301F-11D3-BF4B-00C04F79EFBC}") = "CIM.FilterType.CLI", "src\CIM.FilterType.CLI\CIM.FilterType.CLI.csproj", "{137B0016-2A9A-499D-A396-A7B2A024E846}"
EndProject
Global
	GlobalSection(SolutionConfigurationPlatforms) = preSolution
		Debug|Any CPU = Debug|Any CPU
		Release|Any CPU = Release|Any CPU
	EndGlobalSection
	GlobalSection(ProjectConfigurationPlatforms) = postSolution
		{D6EF4402-F859-40DA-B99D-1EB6C87C059A}.Debug|Any CPU.ActiveCfg = Debug|Any CPU
		{D6EF4402-F859-40DA-B99D-1EB6C87C059A}.Debug|Any CPU.Build.0 = Debug|Any CPU
		{D6EF4402-F859-40DA-B99D-1EB6C87C059A}.Release|Any CPU.ActiveCfg = Release|Any CPU
		{D6EF4402-F859-40DA-B99D-1EB6C87C059A}.Release|Any CPU.Build.0 = Release|Any CPU
		{625E0E5A-15D3-49E6-AA9A-8132A27E7A19}.Debug|Any CPU.ActiveCfg = Debug|Any CPU
		{625E0E5A-15D3-49E6-AA9A-8132A27E7A19}.Debug|Any CPU.Build.0 = Debug|Any CPU
		{625E0E5A-15D3-49E6-AA9A-8132A27E7A19}.Release|Any CPU.ActiveCfg = Release|Any CPU
		{625E0E5A-15D3-49E6-AA9A-8132A27E7A19}.Release|Any CPU.Build.0 = Release|Any CPU
		{1475B9F7-381E-4F0B-BABE-FD6BD5B79B9A}.Debug|Any CPU.ActiveCfg = Debug|Any CPU
		{1475B9F7-381E-4F0B-BABE-FD6BD5B79B9A}.Debug|Any CPU.Build.0 = Debug|Any CPU
		{1475B9F7-381E-4F0B-BABE-FD6BD5B79B9A}.Release|Any CPU.ActiveCfg = Release|Any CPU
		{1475B9F7-381E-4F0B-BABE-FD6BD5B79B9A}.Release|Any CPU.Build.0 = Release|Any CPU
		{C33D5CB1-4D45-4774-A839-5F300D4B82D1}.Debug|Any CPU.ActiveCfg = Debug|Any CPU
		{C33D5CB1-4D45-4774-A839-5F300D4B82D1}.Debug|Any CPU.Build.0 = Debug|Any CPU
		{C33D5CB1-4D45-4774-A839-5F300D4B82D1}.Release|Any CPU.ActiveCfg = Release|Any CPU
		{C33D5CB1-4D45-4774-A839-5F300D4B82D1}.Release|Any CPU.Build.0 = Release|Any CPU
		{4F9DD8C9-DAC0-42BE-807A-A94A2575BC7D}.Debug|Any CPU.ActiveCfg = Debug|Any CPU
		{4F9DD8C9-DAC0-42BE-807A-A94A2575BC7D}.Debug|Any CPU.Build.0 = Debug|Any CPU
		{4F9DD8C9-DAC0-42BE-807A-A94A2575BC7D}.Release|Any CPU.ActiveCfg = Release|Any CPU
		{4F9DD8C9-DAC0-42BE-807A-A94A2575BC7D}.Release|Any CPU.Build.0 = Release|Any CPU
		{03388594-2EB9-4BBF-B1E5-5433C48A358E}.Debug|Any CPU.ActiveCfg = Debug|Any CPU
		{03388594-2EB9-4BBF-B1E5-5433C48A358E}.Debug|Any CPU.Build.0 = Debug|Any CPU
		{03388594-2EB9-4BBF-B1E5-5433C48A358E}.Release|Any CPU.ActiveCfg = Release|Any CPU
		{03388594-2EB9-4BBF-B1E5-5433C48A358E}.Release|Any CPU.Build.0 = Release|Any CPU
		{CD2FB5B0-3833-4966-AF15-8A1864B5A38D}.Debug|Any CPU.ActiveCfg = Debug|Any CPU
		{CD2FB5B0-3833-4966-AF15-8A1864B5A38D}.Debug|Any CPU.Build.0 = Debug|Any CPU
		{CD2FB5B0-3833-4966-AF15-8A1864B5A38D}.Release|Any CPU.ActiveCfg = Release|Any CPU
		{CD2FB5B0-3833-4966-AF15-8A1864B5A38D}.Release|Any CPU.Build.0 = Release|Any CPU
		{B8B740C2-9003-45F4-BEEE-15DEC26E2743}.Debug|Any CPU.ActiveCfg = Debug|Any CPU
		{B8B740C2-9003-45F4-BEEE-15DEC26E2743}.Debug|Any CPU.Build.0 = Debug|Any CPU
		{B8B740C2-9003-45F4-BEEE-15DEC26E2743}.Release|Any CPU.ActiveCfg = Release|Any CPU
		{B8B740C2-9003-45F4-BEEE-15DEC26E2743}.Release|Any CPU.Build.0 = Release|Any CPU
		{C073A4FD-2856-4420-8F80-6C28D1F8012F}.Debug|Any CPU.ActiveCfg = Debug|Any CPU
		{C073A4FD-2856-4420-8F80-6C28D1F8012F}.Debug|Any CPU.Build.0 = Debug|Any CPU
		{C073A4FD-2856-4420-8F80-6C28D1F8012F}.Release|Any CPU.ActiveCfg = Release|Any CPU
		{C073A4FD-2856-4420-8F80-6C28D1F8012F}.Release|Any CPU.Build.0 = Release|Any CPU
		{295C6359-BF53-499B-B7CF-446A5A4D7F83}.Debug|Any CPU.ActiveCfg = Debug|Any CPU
		{295C6359-BF53-499B-B7CF-446A5A4D7F83}.Debug|Any CPU.Build.0 = Debug|Any CPU
		{295C6359-BF53-499B-B7CF-446A5A4D7F83}.Release|Any CPU.ActiveCfg = Release|Any CPU
		{295C6359-BF53-499B-B7CF-446A5A4D7F83}.Release|Any CPU.Build.0 = Release|Any CPU
		{92AA04F8-6EE2-44FC-AAEB-EBB10C0890F7}.Debug|Any CPU.ActiveCfg = Debug|Any CPU
		{92AA04F8-6EE2-44FC-AAEB-EBB10C0890F7}.Debug|Any CPU.Build.0 = Debug|Any CPU
		{92AA04F8-6EE2-44FC-AAEB-EBB10C0890F7}.Release|Any CPU.ActiveCfg = Release|Any CPU
		{92AA04F8-6EE2-44FC-AAEB-EBB10C0890F7}.Release|Any CPU.Build.0 = Release|Any CPU
		{B6E0807D-D768-4B85-A5C7-487A8AA5DB5C}.Debug|Any CPU.ActiveCfg = Debug|Any CPU
		{B6E0807D-D768-4B85-A5C7-487A8AA5DB5C}.Debug|Any CPU.Build.0 = Debug|Any CPU
		{B6E0807D-D768-4B85-A5C7-487A8AA5DB5C}.Release|Any CPU.ActiveCfg = Release|Any CPU
		{B6E0807D-D768-4B85-A5C7-487A8AA5DB5C}.Release|Any CPU.Build.0 = Release|Any CPU
		{5B255B33-94E3-42FB-9D3F-9A32AEC80CD3}.Debug|Any CPU.ActiveCfg = Debug|Any CPU
		{5B255B33-94E3-42FB-9D3F-9A32AEC80CD3}.Debug|Any CPU.Build.0 = Debug|Any CPU
		{5B255B33-94E3-42FB-9D3F-9A32AEC80CD3}.Release|Any CPU.ActiveCfg = Release|Any CPU
		{5B255B33-94E3-42FB-9D3F-9A32AEC80CD3}.Release|Any CPU.Build.0 = Release|Any CPU
		{A4D3A59B-F779-48C8-93A5-1D6F11DB92B1}.Debug|Any CPU.ActiveCfg = Debug|Any CPU
		{A4D3A59B-F779-48C8-93A5-1D6F11DB92B1}.Debug|Any CPU.Build.0 = Debug|Any CPU
		{A4D3A59B-F779-48C8-93A5-1D6F11DB92B1}.Release|Any CPU.ActiveCfg = Release|Any CPU
		{A4D3A59B-F779-48C8-93A5-1D6F11DB92B1}.Release|Any CPU.Build.0 = Release|Any CPU
		{E768389A-5B3A-475C-A676-2800B84045DB}.Debug|Any CPU.ActiveCfg = Debug|Any CPU
		{E768389A-5B3A-475C-A676-2800B84045DB}.Debug|Any CPU.Build.0 = Debug|Any CPU
		{E768389A-5B3A-475C-A676-2800B84045DB}.Release|Any CPU.ActiveCfg = Release|Any CPU
		{E768389A-5B3A-475C-A676-2800B84045DB}.Release|Any CPU.Build.0 = Release|Any CPU
		{7CC2E6F5-8A84-4C52-8AE7-295EEDFB95F7}.Debug|Any CPU.ActiveCfg = Debug|Any CPU
		{7CC2E6F5-8A84-4C52-8AE7-295EEDFB95F7}.Debug|Any CPU.Build.0 = Debug|Any CPU
		{7CC2E6F5-8A84-4C52-8AE7-295EEDFB95F7}.Release|Any CPU.ActiveCfg = Release|Any CPU
		{7CC2E6F5-8A84-4C52-8AE7-295EEDFB95F7}.Release|Any CPU.Build.0 = Release|Any CPU
		{3B1C4E22-59F8-4225-872D-2DF47101C68F}.Debug|Any CPU.ActiveCfg = Debug|Any CPU
		{3B1C4E22-59F8-4225-872D-2DF47101C68F}.Debug|Any CPU.Build.0 = Debug|Any CPU
		{3B1C4E22-59F8-4225-872D-2DF47101C68F}.Release|Any CPU.ActiveCfg = Release|Any CPU
		{3B1C4E22-59F8-4225-872D-2DF47101C68F}.Release|Any CPU.Build.0 = Release|Any CPU
		{137B0016-2A9A-499D-A396-A7B2A024E846}.Debug|Any CPU.ActiveCfg = Debug|Any CPU
		{137B0016-2A9A-499D-A396-A7B2A024E846}.Debug|Any CPU.Build.0 = Debug|Any CPU
		{137B0016-2A9A-499D-A396-A7B2A024E846}.Release|Any CPU.ActiveCfg = Release|Any CPU
		{137B0016-2A9A-499D-A396-A7B2A024E846}.Release|Any CPU.Build.0 = Release|Any CPU
	EndGlobalSection
	GlobalSection(SolutionProperties) = preSolution
		HideSolutionNode = FALSE
	EndGlobalSection
	GlobalSection(NestedProjects) = preSolution
		{D6EF4402-F859-40DA-B99D-1EB6C87C059A} = {08FEBC24-E58F-4B22-8D17-C6EF1BBC5E44}
		{625E0E5A-15D3-49E6-AA9A-8132A27E7A19} = {08FEBC24-E58F-4B22-8D17-C6EF1BBC5E44}
		{1475B9F7-381E-4F0B-BABE-FD6BD5B79B9A} = {08FEBC24-E58F-4B22-8D17-C6EF1BBC5E44}
		{C33D5CB1-4D45-4774-A839-5F300D4B82D1} = {08FEBC24-E58F-4B22-8D17-C6EF1BBC5E44}
		{4F9DD8C9-DAC0-42BE-807A-A94A2575BC7D} = {08FEBC24-E58F-4B22-8D17-C6EF1BBC5E44}
		{03388594-2EB9-4BBF-B1E5-5433C48A358E} = {08FEBC24-E58F-4B22-8D17-C6EF1BBC5E44}
		{CD2FB5B0-3833-4966-AF15-8A1864B5A38D} = {08FEBC24-E58F-4B22-8D17-C6EF1BBC5E44}
		{B8B740C2-9003-45F4-BEEE-15DEC26E2743} = {08FEBC24-E58F-4B22-8D17-C6EF1BBC5E44}
		{C073A4FD-2856-4420-8F80-6C28D1F8012F} = {08FEBC24-E58F-4B22-8D17-C6EF1BBC5E44}
		{295C6359-BF53-499B-B7CF-446A5A4D7F83} = {08FEBC24-E58F-4B22-8D17-C6EF1BBC5E44}
		{92AA04F8-6EE2-44FC-AAEB-EBB10C0890F7} = {08FEBC24-E58F-4B22-8D17-C6EF1BBC5E44}
		{B6E0807D-D768-4B85-A5C7-487A8AA5DB5C} = {08FEBC24-E58F-4B22-8D17-C6EF1BBC5E44}
		{5B255B33-94E3-42FB-9D3F-9A32AEC80CD3} = {08FEBC24-E58F-4B22-8D17-C6EF1BBC5E44}
		{A4D3A59B-F779-48C8-93A5-1D6F11DB92B1} = {08FEBC24-E58F-4B22-8D17-C6EF1BBC5E44}
		{E768389A-5B3A-475C-A676-2800B84045DB} = {08FEBC24-E58F-4B22-8D17-C6EF1BBC5E44}
		{7CC2E6F5-8A84-4C52-8AE7-295EEDFB95F7} = {08FEBC24-E58F-4B22-8D17-C6EF1BBC5E44}
		{3B1C4E22-59F8-4225-872D-2DF47101C68F} = {08FEBC24-E58F-4B22-8D17-C6EF1BBC5E44}
		{137B0016-2A9A-499D-A396-A7B2A024E846} = {08FEBC24-E58F-4B22-8D17-C6EF1BBC5E44}
	EndGlobalSection
	GlobalSection(ExtensibilityGlobals) = postSolution
		SolutionGuid = {AC1D4EDB-5346-43E9-8720-2CA4FA5D5421}
	EndGlobalSection
EndGlobal
