
Microsoft Visual Studio Solution File, Format Version 12.00
# Visual Studio Version 17
VisualStudioVersion = 17.0.31903.59
MinimumVisualStudioVersion = 10.0.40219.1
Project("{2150E333-8FDC-42A3-9474-1A3956D46DE8}") = "src", "src", "{08FEBC24-E58F-4B22-8D17-C6EF1BBC5E44}"
EndProject
Project("{FAE04EC0-301F-11D3-BF4B-00C04F79EFBC}") = "CIM.Cson", "src\CIM.Cson\CIM.Cson.csproj", "{D6EF4402-F859-40DA-B99D-1EB6C87C059A}"
EndProject
Project("{FAE04EC0-301F-11D3-BF4B-00C04F79EFBC}") = "CIM.Core", "src\CIM.Core\CIM.Core.csproj", "{625E0E5A-15D3-49E6-AA9A-8132A27E7A19}"
EndProject
Project("{FAE04EC0-301F-11D3-BF4B-00C04F79EFBC}") = "CIM.Differ", "src\CIM.Differ\CIM.Differ.csproj", "{1475B9F7-381E-4F0B-BABE-FD6BD5B79B9A}"
EndProject
Global
	GlobalSection(SolutionConfigurationPlatforms) = preSolution
		Debug|Any CPU = Debug|Any CPU
		Release|Any CPU = Release|Any CPU
	EndGlobalSection
	GlobalSection(SolutionProperties) = preSolution
		HideSolutionNode = FALSE
	EndGlobalSection
	GlobalSection(ProjectConfigurationPlatforms) = postSolution
		{D6EF4402-F859-40DA-B99D-1EB6C87C059A}.Debug|Any CPU.ActiveCfg = Debug|Any CPU
		{D6EF4402-F859-40DA-B99D-1EB6C87C059A}.Debug|Any CPU.Build.0 = Debug|Any CPU
		{D6EF4402-F859-40DA-B99D-1EB6C87C059A}.Release|Any CPU.ActiveCfg = Release|Any CPU
		{D6EF4402-F859-40DA-B99D-1EB6C87C059A}.Release|Any CPU.Build.0 = Release|Any CPU
		{625E0E5A-15D3-49E6-AA9A-8132A27E7A19}.Debug|Any CPU.ActiveCfg = Debug|Any CPU
		{625E0E5A-15D3-49E6-AA9A-8132A27E7A19}.Debug|Any CPU.Build.0 = Debug|Any CPU
		{625E0E5A-15D3-49E6-AA9A-8132A27E7A19}.Release|Any CPU.ActiveCfg = Release|Any CPU
		{625E0E5A-15D3-49E6-AA9A-8132A27E7A19}.Release|Any CPU.Build.0 = Release|Any CPU
		{1475B9F7-381E-4F0B-BABE-FD6BD5B79B9A}.Debug|Any CPU.ActiveCfg = Debug|Any CPU
		{1475B9F7-381E-4F0B-BABE-FD6BD5B79B9A}.Debug|Any CPU.Build.0 = Debug|Any CPU
		{1475B9F7-381E-4F0B-BABE-FD6BD5B79B9A}.Release|Any CPU.ActiveCfg = Release|Any CPU
		{1475B9F7-381E-4F0B-BABE-FD6BD5B79B9A}.Release|Any CPU.Build.0 = Release|Any CPU
	EndGlobalSection
	GlobalSection(NestedProjects) = preSolution
		{D6EF4402-F859-40DA-B99D-1EB6C87C059A} = {08FEBC24-E58F-4B22-8D17-C6EF1BBC5E44}
		{625E0E5A-15D3-49E6-AA9A-8132A27E7A19} = {08FEBC24-E58F-4B22-8D17-C6EF1BBC5E44}
		{1475B9F7-381E-4F0B-BABE-FD6BD5B79B9A} = {08FEBC24-E58F-4B22-8D17-C6EF1BBC5E44}
	EndGlobalSection
EndGlobal
