
Microsoft Visual Studio Solution File, Format Version 12.00
# Visual Studio Version 17
VisualStudioVersion = 17.0.31903.59
MinimumVisualStudioVersion = 10.0.40219.1
Project("{2150E333-8FDC-42A3-9474-1A3956D46DE8}") = "src", "src", "{08FEBC24-E58F-4B22-8D17-C6EF1BBC5E44}"
EndProject
Project("{FAE04EC0-301F-11D3-BF4B-00C04F79EFBC}") = "CIM.Change", "src\CIM.Change\CIM.Change.csproj", "{8566D788-1DA4-4F0B-9DD1-9B7190B12892}"
EndProject
Global
	GlobalSection(SolutionConfigurationPlatforms) = preSolution
		Debug|Any CPU = Debug|Any CPU
		Release|Any CPU = Release|Any CPU
	EndGlobalSection
	GlobalSection(SolutionProperties) = preSolution
		HideSolutionNode = FALSE
	EndGlobalSection
	GlobalSection(ProjectConfigurationPlatforms) = postSolution
		{8566D788-1DA4-4F0B-9DD1-9B7190B12892}.Debug|Any CPU.ActiveCfg = Debug|Any CPU
		{8566D788-1DA4-4F0B-9DD1-9B7190B12892}.Debug|Any CPU.Build.0 = Debug|Any CPU
		{8566D788-1DA4-4F0B-9DD1-9B7190B12892}.Release|Any CPU.ActiveCfg = Release|Any CPU
		{8566D788-1DA4-4F0B-9DD1-9B7190B12892}.Release|Any CPU.Build.0 = Release|Any CPU
	EndGlobalSection
	GlobalSection(NestedProjects) = preSolution
		{8566D788-1DA4-4F0B-9DD1-9B7190B12892} = {08FEBC24-E58F-4B22-8D17-C6EF1BBC5E44}
	EndGlobalSection
EndGlobal
